// !$*UTF8*$!
{
	archiveVersion = 1;
	classes = {
	};
	objectVersion = 77;
	objects = {

/* Begin PBXBuildFile section */
		0A14A1D9F1E16D6AAE4180D4 /* SuggestionsServiceTests.swift in Sources */ = {isa = PBXBuildFile; fileRef = 425BFF179CCC4ED7B0E677C1 /* SuggestionsServiceTests.swift */; };
		325AC785302598097B98A5A2 /* ActivityCategoryTests.swift in Sources */ = {isa = PBXBuildFile; fileRef = B07EC0B0E61CAE151334F9EB /* ActivityCategoryTests.swift */; };
		3D50269C2F56119900D21FEB /* FirebaseCore in Frameworks */ = {isa = PBXBuildFile; productRef = 3D50269B2F56119900D21FEB /* FirebaseCore */; };
		3D50269E2F5611FC00D21FEB /* FirebaseAuth in Frameworks */ = {isa = PBXBuildFile; productRef = 3D50269D2F5611FC00D21FEB /* FirebaseAuth */; };
		3D5026A02F56120700D21FEB /* FirebaseFirestore in Frameworks */ = {isa = PBXBuildFile; productRef = 3D50269F2F56120700D21FEB /* FirebaseFirestore */; };
		3D5026A32F5618AE00D21FEB /* GoogleSignIn in Frameworks */ = {isa = PBXBuildFile; productRef = 3D5026A22F5618AE00D21FEB /* GoogleSignIn */; };
		3D5026A52F5618AE00D21FEB /* GoogleSignInSwift in Frameworks */ = {isa = PBXBuildFile; productRef = 3D5026A42F5618AE00D21FEB /* GoogleSignInSwift */; };
		3D5027122F567F5900D21FEB /* GoogleService-Info.plist in Resources */ = {isa = PBXBuildFile; fileRef = 3D5027112F567F5900D21FEB /* GoogleService-Info.plist */; };
		3DC9A0222F8E9DE600089986 /* WidgetKit.framework in Frameworks */ = {isa = PBXBuildFile; fileRef = 3DC9A0212F8E9DE600089986 /* WidgetKit.framework */; };
		3DC9A0242F8E9DE600089986 /* SwiftUI.framework in Frameworks */ = {isa = PBXBuildFile; fileRef = 3DC9A0232F8E9DE600089986 /* SwiftUI.framework */; };
		3DC9A0332F8E9DE900089986 /* HoneLiveActivityExtension.appex in Embed Foundation Extensions */ = {isa = PBXBuildFile; fileRef = 3DC9A0202F8E9DE600089986 /* HoneLiveActivityExtension.appex */; settings = {ATTRIBUTES = (RemoveHeadersOnCopy, ); }; };
		3DC9A2592F8EC8E100089986 /* ActivityKit.framework in Frameworks */ = {isa = PBXBuildFile; fileRef = 3DC9B0012F8F000000089986 /* ActivityKit.framework */; };
		3DC9B0022F8F000000089986 /* ActivityKit.framework in Frameworks */ = {isa = PBXBuildFile; fileRef = 3DC9B0012F8F000000089986 /* ActivityKit.framework */; };
		93E77E25BFA15803A67258F4 /* Foundation.framework in Frameworks */ = {isa = PBXBuildFile; fileRef = F0DF8B8135CB464430EC83BF /* Foundation.framework */; };
/* End PBXBuildFile section */

/* Begin PBXContainerItemProxy section */
		3DC9A0312F8E9DE900089986 /* PBXContainerItemProxy */ = {
			isa = PBXContainerItemProxy;
			containerPortal = 3D5026612F550CC800D21FEB /* Project object */;
			proxyType = 1;
			remoteGlobalIDString = 3DC9A01F2F8E9DE600089986;
			remoteInfo = HoneLiveActivityExtension;
		};
		B2F5833263288B16E7DAB85B /* PBXContainerItemProxy */ = {
			isa = PBXContainerItemProxy;
			containerPortal = 3D5026612F550CC800D21FEB /* Project object */;
			proxyType = 1;
			remoteGlobalIDString = 3D5026682F550CC800D21FEB;
			remoteInfo = Hone;
		};
/* End PBXContainerItemProxy section */

/* Begin PBXCopyFilesBuildPhase section */
		3DC9A0342F8E9DE900089986 /* Embed Foundation Extensions */ = {
			isa = PBXCopyFilesBuildPhase;
			buildActionMask = 2147483647;
			dstPath = "";
			dstSubfolderSpec = 13;
			files = (
				3DC9A0332F8E9DE900089986 /* HoneLiveActivityExtension.appex in Embed Foundation Extensions */,
			);
			name = "Embed Foundation Extensions";
			runOnlyForDeploymentPostprocessing = 0;
		};
/* End PBXCopyFilesBuildPhase section */

/* Begin PBXFileReference section */
		3D5026692F550CC800D21FEB /* Hone.app */ = {isa = PBXFileReference; explicitFileType = wrapper.application; includeInIndex = 0; path = Hone.app; sourceTree = BUILT_PRODUCTS_DIR; };
		3D5027112F567F5900D21FEB /* GoogleService-Info.plist */ = {isa = PBXFileReference; lastKnownFileType = text.plist.xml; path = "GoogleService-Info.plist"; sourceTree = "<group>"; };
		3DC9A0202F8E9DE600089986 /* HoneLiveActivityExtension.appex */ = {isa = PBXFileReference; explicitFileType = "wrapper.app-extension"; includeInIndex = 0; path = HoneLiveActivityExtension.appex; sourceTree = BUILT_PRODUCTS_DIR; };
		3DC9A0212F8E9DE600089986 /* WidgetKit.framework */ = {isa = PBXFileReference; lastKnownFileType = wrapper.framework; name = WidgetKit.framework; path = System/Library/Frameworks/WidgetKit.framework; sourceTree = SDKROOT; };
		3DC9A0232F8E9DE600089986 /* SwiftUI.framework */ = {isa = PBXFileReference; lastKnownFileType = wrapper.framework; name = SwiftUI.framework; path = System/Library/Frameworks/SwiftUI.framework; sourceTree = SDKROOT; };
		3DC9B0012F8F000000089986 /* ActivityKit.framework */ = {isa = PBXFileReference; lastKnownFileType = wrapper.framework; name = ActivityKit.framework; path = System/Library/Frameworks/ActivityKit.framework; sourceTree = SDKROOT; };
		425BFF179CCC4ED7B0E677C1 /* SuggestionsServiceTests.swift */ = {isa = PBXFileReference; includeInIndex = 1; lastKnownFileType = sourcecode.swift; path = SuggestionsServiceTests.swift; sourceTree = "<group>"; };
		B07EC0B0E61CAE151334F9EB /* ActivityCategoryTests.swift */ = {isa = PBXFileReference; includeInIndex = 1; lastKnownFileType = sourcecode.swift; path = ActivityCategoryTests.swift; sourceTree = "<group>"; };
		E7A8706C536D1F86E4F871B3 /* Hone Tests.xctest */ = {isa = PBXFileReference; explicitFileType = wrapper.cfbundle; includeInIndex = 0; path = "Hone Tests.xctest"; sourceTree = BUILT_PRODUCTS_DIR; };
		F0DF8B8135CB464430EC83BF /* Foundation.framework */ = {isa = PBXFileReference; lastKnownFileType = wrapper.framework; name = Foundation.framework; path = Platforms/iPhoneOS.platform/Developer/SDKs/iPhoneOS18.0.sdk/System/Library/Frameworks/Foundation.framework; sourceTree = DEVELOPER_DIR; };
		F454ED4089BB996CAA7ADB94 /* ActivityRepositoryTests.swift */ = {isa = PBXFileReference; includeInIndex = 1; lastKnownFileType = sourcecode.swift; path = ActivityRepositoryTests.swift; sourceTree = "<group>"; };
/* End PBXFileReference section */

/* Begin PBXFileSystemSynchronizedBuildFileExceptionSet section */
		3DC9A2582F8EC07F00089986 /* Exceptions for "Hone" folder in "HoneLiveActivityExtension" target */ = {
			isa = PBXFileSystemSynchronizedBuildFileExceptionSet;
			membershipExceptions = (
				Core/LiveActivity/HoneLiveActivityAttributes.swift,
			);
			target = 3DC9A01F2F8E9DE600089986 /* HoneLiveActivityExtension */;
		};
/* End PBXFileSystemSynchronizedBuildFileExceptionSet section */

/* Begin PBXFileSystemSynchronizedRootGroup section */
		3D50266B2F550CC800D21FEB /* Hone */ = {
			isa = PBXFileSystemSynchronizedRootGroup;
			exceptions = (
				3DC9A2582F8EC07F00089986 /* Exceptions for "Hone" folder in "HoneLiveActivityExtension" target */,
			);
			path = Hone;
			sourceTree = "<group>";
		};
		3DC9A0252F8E9DE600089986 /* HoneLiveActivity */ = {
			isa = PBXFileSystemSynchronizedRootGroup;
			path = HoneLiveActivity;
			sourceTree = "<group>";
		};
/* End PBXFileSystemSynchronizedRootGroup section */

/* Begin PBXFrameworksBuildPhase section */
		3D5026662F550CC800D21FEB /* Frameworks */ = {
			isa = PBXFrameworksBuildPhase;
			buildActionMask = 2147483647;
			files = (
				3D5026A52F5618AE00D21FEB /* GoogleSignInSwift in Frameworks */,
				3D50269C2F56119900D21FEB /* FirebaseCore in Frameworks */,
				3D5026A32F5618AE00D21FEB /* GoogleSignIn in Frameworks */,
				3D50269E2F5611FC00D21FEB /* FirebaseAuth in Frameworks */,
				3D5026A02F56120700D21FEB /* FirebaseFirestore in Frameworks */,
				3DC9B0022F8F000000089986 /* ActivityKit.framework in Frameworks */,
			);
			runOnlyForDeploymentPostprocessing = 0;
		};
		3DC9A01D2F8E9DE600089986 /* Frameworks */ = {
			isa = PBXFrameworksBuildPhase;
			buildActionMask = 2147483647;
			files = (
				3DC9A2592F8EC8E100089986 /* ActivityKit.framework in Frameworks */,
				3DC9A0242F8E9DE600089986 /* SwiftUI.framework in Frameworks */,
				3DC9A0222F8E9DE600089986 /* WidgetKit.framework in Frameworks */,
			);
			runOnlyForDeploymentPostprocessing = 0;
		};
		998E2F273D633AF8E279B122 /* Frameworks */ = {
			isa = PBXFrameworksBuildPhase;
			buildActionMask = 2147483647;
			files = (
				93E77E25BFA15803A67258F4 /* Foundation.framework in Frameworks */,
			);
			runOnlyForDeploymentPostprocessing = 0;
		};
/* End PBXFrameworksBuildPhase section */

/* Begin PBXGroup section */
		1FDA9DA6478710E33B24B677 /* iOS */ = {
			isa = PBXGroup;
			children = (
				F0DF8B8135CB464430EC83BF /* Foundation.framework */,
			);
			name = iOS;
			sourceTree = "<group>";
		};
		3D5026602F550CC800D21FEB = {
			isa = PBXGroup;
			children = (
				3D5027112F567F5900D21FEB /* GoogleService-Info.plist */,
				3D50266B2F550CC800D21FEB /* Hone */,
				3DC9A0252F8E9DE600089986 /* HoneLiveActivity */,
				3D50269A2F56119900D21FEB /* Frameworks */,
				3D50266A2F550CC800D21FEB /* Products */,
				3D836B402F57B35700D1C3D3 /* Recovered References */,
				68E40C8AAA70F015CF67D5ED /* Hone Tests */,
			);
			sourceTree = "<group>";
		};
		3D50266A2F550CC800D21FEB /* Products */ = {
			isa = PBXGroup;
			children = (
				3D5026692F550CC800D21FEB /* Hone.app */,
				3DC9A0202F8E9DE600089986 /* HoneLiveActivityExtension.appex */,
				E7A8706C536D1F86E4F871B3 /* Hone Tests.xctest */,
			);
			name = Products;
			sourceTree = "<group>";
		};
		3D50269A2F56119900D21FEB /* Frameworks */ = {
			isa = PBXGroup;
			children = (
				3DC9A0212F8E9DE600089986 /* WidgetKit.framework */,
				3DC9A0232F8E9DE600089986 /* SwiftUI.framework */,
				1FDA9DA6478710E33B24B677 /* iOS */,
			);
			name = Frameworks;
			sourceTree = "<group>";
		};
		3D836B402F57B35700D1C3D3 /* Recovered References */ = {
			isa = PBXGroup;
			children = (
				3DC9B0012F8F000000089986 /* ActivityKit.framework */,
			);
			name = "Recovered References";
			sourceTree = "<group>";
		};
		68E40C8AAA70F015CF67D5ED /* Hone Tests */ = {
			isa = PBXGroup;
			children = (
				B07EC0B0E61CAE151334F9EB /* ActivityCategoryTests.swift */,
				F454ED4089BB996CAA7ADB94 /* ActivityRepositoryTests.swift */,
				425BFF179CCC4ED7B0E677C1 /* SuggestionsServiceTests.swift */,
			);
			path = "Hone Tests";
			sourceTree = "<group>";
		};
/* End PBXGroup section */

/* Begin PBXNativeTarget section */
		27F04BEA77C71B351717197B /* Hone Tests */ = {
			isa = PBXNativeTarget;
			buildConfigurationList = 7207773924C3CB00CB0C0520 /* Build configuration list for PBXNativeTarget "Hone Tests" */;
			buildPhases = (
				CC026F7409D73EB325F899B8 /* Sources */,
				998E2F273D633AF8E279B122 /* Frameworks */,
				7F0E2BFBDBB482396A3A0599 /* Resources */,
			);
			buildRules = (
			);
			dependencies = (
				9C8D31968E433CDACED334D2 /* PBXTargetDependency */,
			);
			name = "Hone Tests";
			productName = "Hone Tests";
			productReference = E7A8706C536D1F86E4F871B3 /* Hone Tests.xctest */;
			productType = "com.apple.product-type.bundle.unit-test";
		};
		3D5026682F550CC800D21FEB /* Hone */ = {
			isa = PBXNativeTarget;
			buildConfigurationList = 3D5026742F550CCB00D21FEB /* Build configuration list for PBXNativeTarget "Hone" */;
			buildPhases = (
				3D5026652F550CC800D21FEB /* Sources */,
				3D5026662F550CC800D21FEB /* Frameworks */,
				3D5026672F550CC800D21FEB /* Resources */,
				3DC9A0342F8E9DE900089986 /* Embed Foundation Extensions */,
			);
			buildRules = (
			);
			dependencies = (
				3DC9A0322F8E9DE900089986 /* PBXTargetDependency */,
			);
			fileSystemSynchronizedGroups = (
				3D50266B2F550CC800D21FEB /* Hone */,
			);
			name = Hone;
			packageProductDependencies = (
				3D50269B2F56119900D21FEB /* FirebaseCore */,
				3D50269D2F5611FC00D21FEB /* FirebaseAuth */,
				3D50269F2F56120700D21FEB /* FirebaseFirestore */,
				3D5026A22F5618AE00D21FEB /* GoogleSignIn */,
				3D5026A42F5618AE00D21FEB /* GoogleSignInSwift */,
			);
			productName = Hone;
			productReference = 3D5026692F550CC800D21FEB /* Hone.app */;
			productType = "com.apple.product-type.application";
		};
		3DC9A01F2F8E9DE600089986 /* HoneLiveActivityExtension */ = {
			isa = PBXNativeTarget;
			buildConfigurationList = 3DC9A0382F8E9DE900089986 /* Build configuration list for PBXNativeTarget "HoneLiveActivityExtension" */;
			buildPhases = (
				3DC9A01C2F8E9DE600089986 /* Sources */,
				3DC9A01D2F8E9DE600089986 /* Frameworks */,
				3DC9A01E2F8E9DE600089986 /* Resources */,
			);
			buildRules = (
			);
			dependencies = (
			);
			fileSystemSynchronizedGroups = (
				3DC9A0252F8E9DE600089986 /* HoneLiveActivity */,
			);
			name = HoneLiveActivityExtension;
			productName = HoneLiveActivityExtension;
			productReference = 3DC9A0202F8E9DE600089986 /* HoneLiveActivityExtension.appex */;
			productType = "com.apple.product-type.app-extension";
		};
/* End PBXNativeTarget section */

/* Begin PBXProject section */
		3D5026612F550CC800D21FEB /* Project object */ = {
			isa = PBXProject;
			attributes = {
				BuildIndependentTargetsInParallel = 1;
				LastSwiftUpdateCheck = 2640;
				LastUpgradeCheck = 2640;
				TargetAttributes = {
					3D5026682F550CC800D21FEB = {
						CreatedOnToolsVersion = 26.2;
					};
					3DC9A01F2F8E9DE600089986 = {
						CreatedOnToolsVersion = 26.4;
					};
				};
			};
			buildConfigurationList = 3D5026642F550CC800D21FEB /* Build configuration list for PBXProject "Hone" */;
			developmentRegion = en;
			hasScannedForEncodings = 0;
			knownRegions = (
				en,
				Base,
			);
			mainGroup = 3D5026602F550CC800D21FEB;
			minimizedProjectReferenceProxies = 1;
			packageReferences = (
				3D5026842F55FE3500D21FEB /* XCRemoteSwiftPackageReference "firebase-ios-sdk" */,
				3D5026A12F5618AE00D21FEB /* XCRemoteSwiftPackageReference "GoogleSignIn-iOS" */,
			);
			preferredProjectObjectVersion = 77;
			productRefGroup = 3D50266A2F550CC800D21FEB /* Products */;
			projectDirPath = "";
			projectRoot = "";
			targets = (
				3D5026682F550CC800D21FEB /* Hone */,
				3DC9A01F2F8E9DE600089986 /* HoneLiveActivityExtension */,
				27F04BEA77C71B351717197B /* Hone Tests */,
			);
		};
/* End PBXProject section */

/* Begin PBXResourcesBuildPhase section */
		3D5026672F550CC800D21FEB /* Resources */ = {
			isa = PBXResourcesBuildPhase;
			buildActionMask = 2147483647;
			files = (
				3D5027122F567F5900D21FEB /* GoogleService-Info.plist in Resources */,
			);
			runOnlyForDeploymentPostprocessing = 0;
		};
		3DC9A01E2F8E9DE600089986 /* Resources */ = {
			isa = PBXResourcesBuildPhase;
			buildActionMask = 2147483647;
			files = (
			);
			runOnlyForDeploymentPostprocessing = 0;
		};
		7F0E2BFBDBB482396A3A0599 /* Resources */ = {
			isa = PBXResourcesBuildPhase;
			buildActionMask = 2147483647;
			files = (
			);
			runOnlyForDeploymentPostprocessing = 0;
		};
/* End PBXResourcesBuildPhase section */

/* Begin PBXSourcesBuildPhase section */
		3D5026652F550CC800D21FEB /* Sources */ = {
			isa = PBXSourcesBuildPhase;
			buildActionMask = 2147483647;
			files = (
			);
			runOnlyForDeploymentPostprocessing = 0;
		};
		3DC9A01C2F8E9DE600089986 /* Sources */ = {
			isa = PBXSourcesBuildPhase;
			buildActionMask = 2147483647;
			files = (
			);
			runOnlyForDeploymentPostprocessing = 0;
		};
		CC026F7409D73EB325F899B8 /* Sources */ = {
			isa = PBXSourcesBuildPhase;
			buildActionMask = 2147483647;
			files = (
				325AC785302598097B98A5A2 /* ActivityCategoryTests.swift in Sources */,
				0A14A1D9F1E16D6AAE4180D4 /* SuggestionsServiceTests.swift in Sources */,
			);
			runOnlyForDeploymentPostprocessing = 0;
		};
/* End PBXSourcesBuildPhase section */

/* Begin PBXTargetDependency section */
		3DC9A0322F8E9DE900089986 /* PBXTargetDependency */ = {
			isa = PBXTargetDependency;
			target = 3DC9A01F2F8E9DE600089986 /* HoneLiveActivityExtension */;
			targetProxy = 3DC9A0312F8E9DE900089986 /* PBXContainerItemProxy */;
		};
		9C8D31968E433CDACED334D2 /* PBXTargetDependency */ = {
			isa = PBXTargetDependency;
			name = Hone;
			target = 3D5026682F550CC800D21FEB /* Hone */;
			targetProxy = B2F5833263288B16E7DAB85B /* PBXContainerItemProxy */;
		};
/* End PBXTargetDependency section */

/* Begin XCBuildConfiguration section */
		3D5026722F550CCB00D21FEB /* Debug */ = {
			isa = XCBuildConfiguration;
			buildSettings = {
				ALWAYS_SEARCH_USER_PATHS = NO;
				ASSETCATALOG_COMPILER_GENERATE_SWIFT_ASSET_SYMBOL_EXTENSIONS = YES;
				CLANG_ANALYZER_NONNULL = YES;
				CLANG_ANALYZER_NUMBER_OBJECT_CONVERSION = YES_AGGRESSIVE;
				CLANG_CXX_LANGUAGE_STANDARD = "gnu++20";
				CLANG_ENABLE_MODULES = YES;
				CLANG_ENABLE_OBJC_ARC = YES;
				CLANG_ENABLE_OBJC_WEAK = YES;
				CLANG_WARN_BLOCK_CAPTURE_AUTORELEASING = YES;
				CLANG_WARN_BOOL_CONVERSION = YES;
				CLANG_WARN_COMMA = YES;
				CLANG_WARN_CONSTANT_CONVERSION = YES;
				CLANG_WARN_DEPRECATED_OBJC_IMPLEMENTATIONS = YES;
				CLANG_WARN_DIRECT_OBJC_ISA_USAGE = YES_ERROR;
				CLANG_WARN_DOCUMENTATION_COMMENTS = YES;
				CLANG_WARN_EMPTY_BODY = YES;
				CLANG_WARN_ENUM_CONVERSION = YES;
				CLANG_WARN_INFINITE_RECURSION = YES;
				CLANG_WARN_INT_CONVERSION = YES;
				CLANG_WARN_NON_LITERAL_NULL_CONVERSION = YES;
				CLANG_WARN_OBJC_IMPLICIT_RETAIN_SELF = YES;
				CLANG_WARN_OBJC_LITERAL_CONVERSION = YES;
				CLANG_WARN_OBJC_ROOT_CLASS = YES_ERROR;
				CLANG_WARN_QUOTED_INCLUDE_IN_FRAMEWORK_HEADER = YES;
				CLANG_WARN_RANGE_LOOP_ANALYSIS = YES;
				CLANG_WARN_STRICT_PROTOTYPES = YES;
				CLANG_WARN_SUSPICIOUS_MOVE = YES;
				CLANG_WARN_UNGUARDED_AVAILABILITY = YES_AGGRESSIVE;
				CLANG_WARN_UNREACHABLE_CODE = YES;
				CLANG_WARN__DUPLICATE_METHOD_MATCH = YES;
				COPY_PHASE_STRIP = NO;
				DEBUG_INFORMATION_FORMAT = dwarf;
				DEVELOPMENT_TEAM = 8Y29B24Y28;
				ENABLE_STRICT_OBJC_MSGSEND = YES;
				ENABLE_TESTABILITY = YES;
				ENABLE_USER_SCRIPT_SANDBOXING = YES;
				GCC_C_LANGUAGE_STANDARD = gnu17;
				GCC_DYNAMIC_NO_PIC = NO;
				GCC_NO_COMMON_BLOCKS = YES;
				GCC_OPTIMIZATION_LEVEL = 0;
				GCC_PREPROCESSOR_DEFINITIONS = (
					"DEBUG=1",
					"$(inherited)",
				);
				GCC_WARN_64_TO_32_BIT_CONVERSION = YES;
				GCC_WARN_ABOUT_RETURN_TYPE = YES_ERROR;
				GCC_WARN_UNDECLARED_SELECTOR = YES;
				GCC_WARN_UNINITIALIZED_AUTOS = YES_AGGRESSIVE;
				GCC_WARN_UNUSED_FUNCTION = YES;
				GCC_WARN_UNUSED_VARIABLE = YES;
				IPHONEOS_DEPLOYMENT_TARGET = 26.2;
				LOCALIZATION_PREFERS_STRING_CATALOGS = YES;
				MTL_ENABLE_DEBUG_INFO = INCLUDE_SOURCE;
				MTL_FAST_MATH = YES;
				ONLY_ACTIVE_ARCH = YES;
				SDKROOT = iphoneos;
				STRING_CATALOG_GENERATE_SYMBOLS = YES;
				SWIFT_ACTIVE_COMPILATION_CONDITIONS = "DEBUG $(inherited)";
				SWIFT_OPTIMIZATION_LEVEL = "-Onone";
			};
			name = Debug;
		};
		3D5026732F550CCB00D21FEB /* Release */ = {
			isa = XCBuildConfiguration;
			buildSettings = {
				ALWAYS_SEARCH_USER_PATHS = NO;
				ASSETCATALOG_COMPILER_GENERATE_SWIFT_ASSET_SYMBOL_EXTENSIONS = YES;
				CLANG_ANALYZER_NONNULL = YES;
				CLANG_ANALYZER_NUMBER_OBJECT_CONVERSION = YES_AGGRESSIVE;
				CLANG_CXX_LANGUAGE_STANDARD = "gnu++20";
				CLANG_ENABLE_MODULES = YES;
				CLANG_ENABLE_OBJC_ARC = YES;
				CLANG_ENABLE_OBJC_WEAK = YES;
				CLANG_WARN_BLOCK_CAPTURE_AUTORELEASING = YES;
				CLANG_WARN_BOOL_CONVERSION = YES;
				CLANG_WARN_COMMA = YES;
				CLANG_WARN_CONSTANT_CONVERSION = YES;
				CLANG_WARN_DEPRECATED_OBJC_IMPLEMENTATIONS = YES;
				CLANG_WARN_DIRECT_OBJC_ISA_USAGE = YES_ERROR;
				CLANG_WARN_DOCUMENTATION_COMMENTS = YES;
				CLANG_WARN_EMPTY_BODY = YES;
				CLANG_WARN_ENUM_CONVERSION = YES;
				CLANG_WARN_INFINITE_RECURSION = YES;
				CLANG_WARN_INT_CONVERSION = YES;
				CLANG_WARN_NON_LITERAL_NULL_CONVERSION = YES;
				CLANG_WARN_OBJC_IMPLICIT_RETAIN_SELF = YES;
				CLANG_WARN_OBJC_LITERAL_CONVERSION = YES;
				CLANG_WARN_OBJC_ROOT_CLASS = YES_ERROR;
				CLANG_WARN_QUOTED_INCLUDE_IN_FRAMEWORK_HEADER = YES;
				CLANG_WARN_RANGE_LOOP_ANALYSIS = YES;
				CLANG_WARN_STRICT_PROTOTYPES = YES;
				CLANG_WARN_SUSPICIOUS_MOVE = YES;
				CLANG_WARN_UNGUARDED_AVAILABILITY = YES_AGGRESSIVE;
				CLANG_WARN_UNREACHABLE_CODE = YES;
				CLANG_WARN__DUPLICATE_METHOD_MATCH = YES;
				COPY_PHASE_STRIP = NO;
				DEBUG_INFORMATION_FORMAT = "dwarf-with-dsym";
				DEVELOPMENT_TEAM = 8Y29B24Y28;
				ENABLE_NS_ASSERTIONS = NO;
				ENABLE_STRICT_OBJC_MSGSEND = YES;
				ENABLE_USER_SCRIPT_SANDBOXING = YES;
				GCC_C_LANGUAGE_STANDARD = gnu17;
				GCC_NO_COMMON_BLOCKS = YES;
				GCC_WARN_64_TO_32_BIT_CONVERSION = YES;
				GCC_WARN_ABOUT_RETURN_TYPE = YES_ERROR;
				GCC_WARN_UNDECLARED_SELECTOR = YES;
				GCC_WARN_UNINITIALIZED_AUTOS = YES_AGGRESSIVE;
				GCC_WARN_UNUSED_FUNCTION = YES;
				GCC_WARN_UNUSED_VARIABLE = YES;
				IPHONEOS_DEPLOYMENT_TARGET = 26.2;
				LOCALIZATION_PREFERS_STRING_CATALOGS = YES;
				MTL_ENABLE_DEBUG_INFO = NO;
				MTL_FAST_MATH = YES;
				SDKROOT = iphoneos;
				STRING_CATALOG_GENERATE_SYMBOLS = YES;
				SWIFT_COMPILATION_MODE = wholemodule;
				VALIDATE_PRODUCT = YES;
			};
			name = Release;
		};
		3D5026752F550CCB00D21FEB /* Debug */ = {
			isa = XCBuildConfiguration;
			buildSettings = {
				ASSETCATALOG_COMPILER_APPICON_NAME = AppIcon;
				ASSETCATALOG_COMPILER_GLOBAL_ACCENT_COLOR_NAME = AccentColor;
				CODE_SIGN_ENTITLEMENTS = Hone/Hone.entitlements;
				CODE_SIGN_STYLE = Automatic;
				CURRENT_PROJECT_VERSION = 1;
				DEVELOPMENT_TEAM = 8Y29B24Y28;
				ENABLE_PREVIEWS = YES;
				GENERATE_INFOPLIST_FILE = YES;
				INFOPLIST_FILE = "Hone-Info.plist";
				INFOPLIST_KEY_UIApplicationSceneManifest_Generation = YES;
				INFOPLIST_KEY_UIApplicationSupportsIndirectInputEvents = YES;
				INFOPLIST_KEY_UILaunchScreen_Generation = YES;
				INFOPLIST_KEY_UISupportedInterfaceOrientations_iPad = "UIInterfaceOrientationPortrait UIInterfaceOrientationPortraitUpsideDown UIInterfaceOrientationLandscapeLeft UIInterfaceOrientationLandscapeRight";
				INFOPLIST_KEY_UISupportedInterfaceOrientations_iPhone = "UIInterfaceOrientationPortrait UIInterfaceOrientationLandscapeLeft UIInterfaceOrientationLandscapeRight";
				LD_RUNPATH_SEARCH_PATHS = (
					"$(inherited)",
					"@executable_path/Frameworks",
				);
				MARKETING_VERSION = 1.0;
				PRODUCT_BUNDLE_IDENTIFIER = "huber.Practice-Timer";
				PRODUCT_NAME = "$(TARGET_NAME)";
				STRING_CATALOG_GENERATE_SYMBOLS = YES;
				SWIFT_APPROACHABLE_CONCURRENCY = YES;
				SWIFT_DEFAULT_ACTOR_ISOLATION = MainActor;
				SWIFT_EMIT_LOC_STRINGS = YES;
				SWIFT_UPCOMING_FEATURE_MEMBER_IMPORT_VISIBILITY = YES;
				SWIFT_VERSION = 5.0;
				TARGETED_DEVICE_FAMILY = "1,2";
			};
			name = Debug;
		};
		3D5026762F550CCB00D21FEB /* Release */ = {
			isa = XCBuildConfiguration;
			buildSettings = {
				ASSETCATALOG_COMPILER_APPICON_NAME = AppIcon;
				ASSETCATALOG_COMPILER_GLOBAL_ACCENT_COLOR_NAME = AccentColor;
				CODE_SIGN_ENTITLEMENTS = Hone/Hone.entitlements;
				CODE_SIGN_STYLE = Automatic;
				CURRENT_PROJECT_VERSION = 1;
				DEVELOPMENT_TEAM = 8Y29B24Y28;
				ENABLE_PREVIEWS = YES;
				GENERATE_INFOPLIST_FILE = YES;
				INFOPLIST_FILE = "Hone-Info.plist";
				INFOPLIST_KEY_UIApplicationSceneManifest_Generation = YES;
				INFOPLIST_KEY_UIApplicationSupportsIndirectInputEvents = YES;
				INFOPLIST_KEY_UILaunchScreen_Generation = YES;
				INFOPLIST_KEY_UISupportedInterfaceOrientations_iPad = "UIInterfaceOrientationPortrait UIInterfaceOrientationPortraitUpsideDown UIInterfaceOrientationLandscapeLeft UIInterfaceOrientationLandscapeRight";
				INFOPLIST_KEY_UISupportedInterfaceOrientations_iPhone = "UIInterfaceOrientationPortrait UIInterfaceOrientationLandscapeLeft UIInterfaceOrientationLandscapeRight";
				LD_RUNPATH_SEARCH_PATHS = (
					"$(inherited)",
					"@executable_path/Frameworks",
				);
				MARKETING_VERSION = 1.0;
				PRODUCT_BUNDLE_IDENTIFIER = "huber.Practice-Timer";
				PRODUCT_NAME = "$(TARGET_NAME)";
				STRING_CATALOG_GENERATE_SYMBOLS = YES;
				SWIFT_APPROACHABLE_CONCURRENCY = YES;
				SWIFT_DEFAULT_ACTOR_ISOLATION = MainActor;
				SWIFT_EMIT_LOC_STRINGS = YES;
				SWIFT_UPCOMING_FEATURE_MEMBER_IMPORT_VISIBILITY = YES;
				SWIFT_VERSION = 5.0;
				TARGETED_DEVICE_FAMILY = "1,2";
			};
			name = Release;
		};
		3DC9A0352F8E9DE900089986 /* Debug */ = {
			isa = XCBuildConfiguration;
			buildSettings = {
				ASSETCATALOG_COMPILER_GLOBAL_ACCENT_COLOR_NAME = AccentColor;
				ASSETCATALOG_COMPILER_WIDGET_BACKGROUND_COLOR_NAME = WidgetBackground;
				CODE_SIGN_STYLE = Automatic;
				CURRENT_PROJECT_VERSION = 1;
				DEVELOPMENT_TEAM = 8Y29B24Y28;
				GENERATE_INFOPLIST_FILE = NO;
				INFOPLIST_FILE = "HoneLiveActivity-Info.plist";
				INFOPLIST_KEY_CFBundleDisplayName = HoneLiveActivity;
				INFOPLIST_KEY_NSHumanReadableCopyright = "";
				IPHONEOS_DEPLOYMENT_TARGET = 26.2;
				LD_RUNPATH_SEARCH_PATHS = (
					"$(inherited)",
					"@executable_path/Frameworks",
					"@executable_path/../../Frameworks",
				);
				MARKETING_VERSION = 1.0;
				PRODUCT_BUNDLE_IDENTIFIER = "huber.Practice-Timer.HoneLiveActivity";
				PRODUCT_NAME = "$(TARGET_NAME)";
				SKIP_INSTALL = YES;
				STRING_CATALOG_GENERATE_SYMBOLS = YES;
				SWIFT_APPROACHABLE_CONCURRENCY = YES;
				SWIFT_EMIT_LOC_STRINGS = YES;
				SWIFT_UPCOMING_FEATURE_MEMBER_IMPORT_VISIBILITY = YES;
				SWIFT_VERSION = 5.0;
				TARGETED_DEVICE_FAMILY = "1,2";
			};
			name = Debug;
		};
		3DC9A0362F8E9DE900089986 /* Release */ = {
			isa = XCBuildConfiguration;
			buildSettings = {
				ASSETCATALOG_COMPILER_GLOBAL_ACCENT_COLOR_NAME = AccentColor;
				ASSETCATALOG_COMPILER_WIDGET_BACKGROUND_COLOR_NAME = WidgetBackground;
				CODE_SIGN_STYLE = Automatic;
				CURRENT_PROJECT_VERSION = 1;
				DEVELOPMENT_TEAM = 8Y29B24Y28;
				GENERATE_INFOPLIST_FILE = NO;
				INFOPLIST_FILE = "HoneLiveActivity-Info.plist";
				INFOPLIST_KEY_CFBundleDisplayName = HoneLiveActivity;
				INFOPLIST_KEY_NSHumanReadableCopyright = "";
				IPHONEOS_DEPLOYMENT_TARGET = 26.2;
				LD_RUNPATH_SEARCH_PATHS = (
					"$(inherited)",
					"@executable_path/Frameworks",
					"@executable_path/../../Frameworks",
				);
				MARKETING_VERSION = 1.0;
				PRODUCT_BUNDLE_IDENTIFIER = "huber.Practice-Timer.HoneLiveActivity";
				PRODUCT_NAME = "$(TARGET_NAME)";
				SKIP_INSTALL = YES;
				STRING_CATALOG_GENERATE_SYMBOLS = YES;
				SWIFT_APPROACHABLE_CONCURRENCY = YES;
				SWIFT_EMIT_LOC_STRINGS = YES;
				SWIFT_UPCOMING_FEATURE_MEMBER_IMPORT_VISIBILITY = YES;
				SWIFT_VERSION = 5.0;
				TARGETED_DEVICE_FAMILY = "1,2";
			};
			name = Release;
		};
		B63116521C537024D3DE5B08 /* Release */ = {
			isa = XCBuildConfiguration;
			buildSettings = {
				BUNDLE_LOADER = "$(TEST_HOST)";
				CLANG_ENABLE_OBJC_WEAK = NO;
				CODE_SIGN_STYLE = Automatic;
				DEVELOPMENT_TEAM = 8Y29B24Y28;
				GENERATE_INFOPLIST_FILE = YES;
				IPHONEOS_DEPLOYMENT_TARGET = 26.2;
				PRODUCT_BUNDLE_IDENTIFIER = "huber.Practice-Timer.Tests";
				PRODUCT_NAME = "Hone Tests";
				SDKROOT = iphoneos;
				SWIFT_APPROACHABLE_CONCURRENCY = YES;
				SWIFT_DEFAULT_ACTOR_ISOLATION = MainActor;
				SWIFT_UPCOMING_FEATURE_MEMBER_IMPORT_VISIBILITY = YES;
				SWIFT_VERSION = 5.0;
				TEST_HOST = "$(BUILT_PRODUCTS_DIR)/Hone.app/$(BUNDLE_EXECUTABLE_FOLDER_PATH)/Hone";
				VALIDATE_PRODUCT = YES;
			};
			name = Release;
		};
		C78604C4EEDDC3D425FCF7CE /* Debug */ = {
			isa = XCBuildConfiguration;
			buildSettings = {
				BUNDLE_LOADER = "$(TEST_HOST)";
				CLANG_ENABLE_OBJC_WEAK = NO;
				CODE_SIGN_STYLE = Automatic;
				DEVELOPMENT_TEAM = 8Y29B24Y28;
				GENERATE_INFOPLIST_FILE = YES;
				IPHONEOS_DEPLOYMENT_TARGET = 26.2;
				PRODUCT_BUNDLE_IDENTIFIER = "huber.Practice-Timer.Tests";
				PRODUCT_NAME = "Hone Tests";
				SDKROOT = iphoneos;
				SWIFT_APPROACHABLE_CONCURRENCY = YES;
				SWIFT_DEFAULT_ACTOR_ISOLATION = MainActor;
				SWIFT_UPCOMING_FEATURE_MEMBER_IMPORT_VISIBILITY = YES;
				SWIFT_VERSION = 5.0;
				TEST_HOST = "$(BUILT_PRODUCTS_DIR)/Hone.app/$(BUNDLE_EXECUTABLE_FOLDER_PATH)/Hone";
			};
			name = Debug;
		};
/* End XCBuildConfiguration section */

/* Begin XCConfigurationList section */
		3D5026642F550CC800D21FEB /* Build configuration list for PBXProject "Hone" */ = {
			isa = XCConfigurationList;
			buildConfigurations = (
				3D5026722F550CCB00D21FEB /* Debug */,
				3D5026732F550CCB00D21FEB /* Release */,
			);
			defaultConfigurationIsVisible = 0;
			defaultConfigurationName = Release;
		};
		3D5026742F550CCB00D21FEB /* Build configuration list for PBXNativeTarget "Hone" */ = {
			isa = XCConfigurationList;
			buildConfigurations = (
				3D5026752F550CCB00D21FEB /* Debug */,
				3D5026762F550CCB00D21FEB /* Release */,
			);
			defaultConfigurationIsVisible = 0;
			defaultConfigurationName = Release;
		};
		3DC9A0382F8E9DE900089986 /* Build configuration list for PBXNativeTarget "HoneLiveActivityExtension" */ = {
			isa = XCConfigurationList;
			buildConfigurations = (
				3DC9A0352F8E9DE900089986 /* Debug */,
				3DC9A0362F8E9DE900089986 /* Release */,
			);
			defaultConfigurationIsVisible = 0;
			defaultConfigurationName = Release;
		};
		7207773924C3CB00CB0C0520 /* Build configuration list for PBXNativeTarget "Hone Tests" */ = {
			isa = XCConfigurationList;
			buildConfigurations = (
				B63116521C537024D3DE5B08 /* Release */,
				C78604C4EEDDC3D425FCF7CE /* Debug */,
			);
			defaultConfigurationIsVisible = 0;
			defaultConfigurationName = Release;
		};
/* End XCConfigurationList section */

/* Begin XCRemoteSwiftPackageReference section */
		3D5026842F55FE3500D21FEB /* XCRemoteSwiftPackageReference "firebase-ios-sdk" */ = {
			isa = XCRemoteSwiftPackageReference;
			repositoryURL = "https://github.com/firebase/firebase-ios-sdk";
			requirement = {
				kind = upToNextMajorVersion;
				minimumVersion = 12.10.0;
			};
		};
		3D5026A12F5618AE00D21FEB /* XCRemoteSwiftPackageReference "GoogleSignIn-iOS" */ = {
			isa = XCRemoteSwiftPackageReference;
			repositoryURL = "https://github.com/google/GoogleSignIn-iOS";
			requirement = {
				kind = upToNextMajorVersion;
				minimumVersion = 9.1.0;
			};
		};
/* End XCRemoteSwiftPackageReference section */

/* Begin XCSwiftPackageProductDependency section */
		3D50269B2F56119900D21FEB /* FirebaseCore */ = {
			isa = XCSwiftPackageProductDependency;
			package = 3D5026842F55FE3500D21FEB /* XCRemoteSwiftPackageReference "firebase-ios-sdk" */;
			productName = FirebaseCore;
		};
		3D50269D2F5611FC00D21FEB /* FirebaseAuth */ = {
			isa = XCSwiftPackageProductDependency;
			package = 3D5026842F55FE3500D21FEB /* XCRemoteSwiftPackageReference "firebase-ios-sdk" */;
			productName = FirebaseAuth;
		};
		3D50269F2F56120700D21FEB /* FirebaseFirestore */ = {
			isa = XCSwiftPackageProductDependency;
			package = 3D5026842F55FE3500D21FEB /* XCRemoteSwiftPackageReference "firebase-ios-sdk" */;
			productName = FirebaseFirestore;
		};
		3D5026A22F5618AE00D21FEB /* GoogleSignIn */ = {
			isa = XCSwiftPackageProductDependency;
			package = 3D5026A12F5618AE00D21FEB /* XCRemoteSwiftPackageReference "GoogleSignIn-iOS" */;
			productName = GoogleSignIn;
		};
		3D5026A42F5618AE00D21FEB /* GoogleSignInSwift */ = {
			isa = XCSwiftPackageProductDependency;
			package = 3D5026A12F5618AE00D21FEB /* XCRemoteSwiftPackageReference "GoogleSignIn-iOS" */;
			productName = GoogleSignInSwift;
		};
/* End XCSwiftPackageProductDependency section */
	};
	rootObject = 3D5026612F550CC800D21FEB /* Project object */;
}
